
Microsoft Visual Studio Solution File, Format Version 12.00
# Visual Studio Version 17
VisualStudioVersion = 17.0.32112.339
MinimumVisualStudioVersion = 10.0.40219.1
Project("{FAE04EC0-301F-11D3-BF4B-00C04F79EFBC}") = "WPF_Lab_18", "WPF_Lab_18.csproj", "{03CCDB55-9402-4C9B-9026-FCEDE3EE18ED}"
EndProject
Global
	GlobalSection(SolutionConfigurationPlatforms) = preSolution
		Debug|Any CPU = Debug|Any CPU
		Release|Any CPU = Release|Any CPU
	EndGlobalSection
	GlobalSection(ProjectConfigurationPlatforms) = postSolution
		{03CCDB55-9402-4C9B-9026-FCEDE3EE18ED}.Debug|Any CPU.ActiveCfg = Debug|Any CPU
		{03CCDB55-9402-4C9B-9026-FCEDE3EE18ED}.Debug|Any CPU.Build.0 = Debug|Any CPU
		{03CCDB55-9402-4C9B-9026-FCEDE3EE18ED}.Release|Any CPU.ActiveCfg = Release|Any CPU
		{03CCDB55-9402-4C9B-9026-FCEDE3EE18ED}.Release|Any CPU.Build.0 = Release|Any CPU
	EndGlobalSection
	GlobalSection(SolutionProperties) = preSolution
		HideSolutionNode = FALSE
	EndGlobalSection
	GlobalSection(ExtensibilityGlobals) = postSolution
		SolutionGuid = {28527E99-1B30-437A-95EF-76FE6E8279B8}
	EndGlobalSection
EndGlobal
